// !$*UTF8*$!
{
	archiveVersion = 1;
	classes = {
	};
	objectVersion = 50;
	objects = {

/* Begin PBXBuildFile section */
		190F129622AB6952005BB351 /* AppDelegate.swift in Sources */ = {isa = PBXBuildFile; fileRef = 190F129522AB6952005BB351 /* AppDelegate.swift */; };
		190F129822AB6952005BB351 /* SceneDelegate.swift in Sources */ = {isa = PBXBuildFile; fileRef = 190F129722AB6952005BB351 /* SceneDelegate.swift */; };
		190F129A22AB6952005BB351 /* LandmarkDetail.swift in Sources */ = {isa = PBXBuildFile; fileRef = 190F129922AB6952005BB351 /* LandmarkDetail.swift */; };
		190F129C22AB6953005BB351 /* Assets.xcassets in Resources */ = {isa = PBXBuildFile; fileRef = 190F129B22AB6953005BB351 /* Assets.xcassets */; };
		190F129F22AB6953005BB351 /* Preview Assets.xcassets in Resources */ = {isa = PBXBuildFile; fileRef = 190F129E22AB6953005BB351 /* Preview Assets.xcassets */; };
		190F12A222AB6953005BB351 /* LaunchScreen.storyboard in Resources */ = {isa = PBXBuildFile; fileRef = 190F12A022AB6953005BB351 /* LaunchScreen.storyboard */; };
		190F12AA22AB6BB7005BB351 /* CircleImage.swift in Sources */ = {isa = PBXBuildFile; fileRef = 190F12A922AB6BB7005BB351 /* CircleImage.swift */; };
		190F12AC22AB6C9C005BB351 /* MapView.swift in Sources */ = {isa = PBXBuildFile; fileRef = 190F12AB22AB6C9C005BB351 /* MapView.swift */; };
		190F12AF22AB70E8005BB351 /* Landmark.swift in Sources */ = {isa = PBXBuildFile; fileRef = 190F12AE22AB70E8005BB351 /* Landmark.swift */; };
		190F12CC22AB778D005BB351 /* Data.swift in Sources */ = {isa = PBXBuildFile; fileRef = 190F12CB22AB778D005BB351 /* Data.swift */; };
		190F12CE22AB7856005BB351 /* LandmarkRow.swift in Sources */ = {isa = PBXBuildFile; fileRef = 190F12CD22AB7856005BB351 /* LandmarkRow.swift */; };
		190F12D022AB796F005BB351 /* LandmarkList.swift in Sources */ = {isa = PBXBuildFile; fileRef = 190F12CF22AB796F005BB351 /* LandmarkList.swift */; };
		190F12E022AB80BD005BB351 /* charleyrivers.jpg in Resources */ = {isa = PBXBuildFile; fileRef = 190F12D222AB80BD005BB351 /* charleyrivers.jpg */; };
		190F12E122AB80BD005BB351 /* turtlerock.jpg in Resources */ = {isa = PBXBuildFile; fileRef = 190F12D322AB80BD005BB351 /* turtlerock.jpg */; };
		190F12E222AB80BD005BB351 /* silversalmoncreek.jpg in Resources */ = {isa = PBXBuildFile; fileRef = 190F12D422AB80BD005BB351 /* silversalmoncreek.jpg */; };
		190F12E322AB80BD005BB351 /* icybay.jpg in Resources */ = {isa = PBXBuildFile; fileRef = 190F12D522AB80BD005BB351 /* icybay.jpg */; };
		190F12E422AB80BD005BB351 /* lakemcdonald.jpg in Resources */ = {isa = PBXBuildFile; fileRef = 190F12D622AB80BD005BB351 /* lakemcdonald.jpg */; };
		190F12E522AB80BD005BB351 /* hiddenlake.jpg in Resources */ = {isa = PBXBuildFile; fileRef = 190F12D722AB80BD005BB351 /* hiddenlake.jpg */; };
		190F12E622AB80BD005BB351 /* twinlake.jpg in Resources */ = {isa = PBXBuildFile; fileRef = 190F12D822AB80BD005BB351 /* twinlake.jpg */; };
		190F12E722AB80BD005BB351 /* umbagog.jpg in Resources */ = {isa = PBXBuildFile; fileRef = 190F12D922AB80BD005BB351 /* umbagog.jpg */; };
		190F12E822AB80BD005BB351 /* landmarkData.json in Resources */ = {isa = PBXBuildFile; fileRef = 190F12DA22AB80BD005BB351 /* landmarkData.json */; };
		190F12E922AB80BD005BB351 /* chincoteague.jpg in Resources */ = {isa = PBXBuildFile; fileRef = 190F12DB22AB80BD005BB351 /* chincoteague.jpg */; };
		190F12EA22AB80BD005BB351 /* yukon_charleyrivers.jpg in Resources */ = {isa = PBXBuildFile; fileRef = 190F12DC22AB80BD005BB351 /* yukon_charleyrivers.jpg */; };
		190F12EB22AB80BD005BB351 /* stmarylake.jpg in Resources */ = {isa = PBXBuildFile; fileRef = 190F12DD22AB80BD005BB351 /* stmarylake.jpg */; };
		190F12EC22AB80BD005BB351 /* chilkoottrail.jpg in Resources */ = {isa = PBXBuildFile; fileRef = 190F12DE22AB80BD005BB351 /* chilkoottrail.jpg */; };
		190F12ED22AB80BD005BB351 /* rainbowlake.jpg in Resources */ = {isa = PBXBuildFile; fileRef = 190F12DF22AB80BD005BB351 /* rainbowlake.jpg */; };
		190F12EF22AB8138005BB351 /* UserData.swift in Sources */ = {isa = PBXBuildFile; fileRef = 190F12EE22AB8138005BB351 /* UserData.swift */; };
/* End PBXBuildFile section */

/* Begin PBXFileReference section */
		190F129222AB6952005BB351 /* Landmarks.app */ = {isa = PBXFileReference; explicitFileType = wrapper.application; includeInIndex = 0; path = Landmarks.app; sourceTree = BUILT_PRODUCTS_DIR; };
		190F129522AB6952005BB351 /* AppDelegate.swift */ = {isa = PBXFileReference; lastKnownFileType = sourcecode.swift; path = AppDelegate.swift; sourceTree = "<group>"; };
		190F129722AB6952005BB351 /* SceneDelegate.swift */ = {isa = PBXFileReference; lastKnownFileType = sourcecode.swift; path = SceneDelegate.swift; sourceTree = "<group>"; };
		190F129922AB6952005BB351 /* LandmarkDetail.swift */ = {isa = PBXFileReference; lastKnownFileType = sourcecode.swift; path = LandmarkDetail.swift; sourceTree = "<group>"; };
		190F129B22AB6953005BB351 /* Assets.xcassets */ = {isa = PBXFileReference; lastKnownFileType = folder.assetcatalog; path = Assets.xcassets; sourceTree = "<group>"; };
		190F129E22AB6953005BB351 /* Preview Assets.xcassets */ = {isa = PBXFileReference; lastKnownFileType = folder.assetcatalog; path = "Preview Assets.xcassets"; sourceTree = "<group>"; };
		190F12A122AB6953005BB351 /* Base */ = {isa = PBXFileReference; lastKnownFileType = file.storyboard; name = Base; path = Base.lproj/LaunchScreen.storyboard; sourceTree = "<group>"; };
		190F12A322AB6953005BB351 /* Info.plist */ = {isa = PBXFileReference; lastKnownFileType = text.plist.xml; path = Info.plist; sourceTree = "<group>"; };
		190F12A922AB6BB7005BB351 /* CircleImage.swift */ = {isa = PBXFileReference; lastKnownFileType = sourcecode.swift; path = CircleImage.swift; sourceTree = "<group>"; };
		190F12AB22AB6C9C005BB351 /* MapView.swift */ = {isa = PBXFileReference; lastKnownFileType = sourcecode.swift; path = MapView.swift; sourceTree = "<group>"; };
		190F12AE22AB70E8005BB351 /* Landmark.swift */ = {isa = PBXFileReference; lastKnownFileType = sourcecode.swift; path = Landmark.swift; sourceTree = "<group>"; };
		190F12CB22AB778D005BB351 /* Data.swift */ = {isa = PBXFileReference; fileEncoding = 4; lastKnownFileType = sourcecode.swift; path = Data.swift; sourceTree = "<group>"; };
		190F12CD22AB7856005BB351 /* LandmarkRow.swift */ = {isa = PBXFileReference; lastKnownFileType = sourcecode.swift; path = LandmarkRow.swift; sourceTree = "<group>"; };
		190F12CF22AB796F005BB351 /* LandmarkList.swift */ = {isa = PBXFileReference; lastKnownFileType = sourcecode.swift; path = LandmarkList.swift; sourceTree = "<group>"; };
		190F12D222AB80BD005BB351 /* charleyrivers.jpg */ = {isa = PBXFileReference; lastKnownFileType = image.jpeg; path = charleyrivers.jpg; sourceTree = "<group>"; };
		190F12D322AB80BD005BB351 /* turtlerock.jpg */ = {isa = PBXFileReference; lastKnownFileType = image.jpeg; path = turtlerock.jpg; sourceTree = "<group>"; };
		190F12D422AB80BD005BB351 /* silversalmoncreek.jpg */ = {isa = PBXFileReference; lastKnownFileType = image.jpeg; path = silversalmoncreek.jpg; sourceTree = "<group>"; };
		190F12D522AB80BD005BB351 /* icybay.jpg */ = {isa = PBXFileReference; lastKnownFileType = image.jpeg; path = icybay.jpg; sourceTree = "<group>"; };
		190F12D622AB80BD005BB351 /* lakemcdonald.jpg */ = {isa = PBXFileReference; lastKnownFileType = image.jpeg; path = lakemcdonald.jpg; sourceTree = "<group>"; };
		190F12D722AB80BD005BB351 /* hiddenlake.jpg */ = {isa = PBXFileReference; lastKnownFileType = image.jpeg; path = hiddenlake.jpg; sourceTree = "<group>"; };
		190F12D822AB80BD005BB351 /* twinlake.jpg */ = {isa = PBXFileReference; lastKnownFileType = image.jpeg; path = twinlake.jpg; sourceTree = "<group>"; };
		190F12D922AB80BD005BB351 /* umbagog.jpg */ = {isa = PBXFileReference; lastKnownFileType = image.jpeg; path = umbagog.jpg; sourceTree = "<group>"; };
		190F12DA22AB80BD005BB351 /* landmarkData.json */ = {isa = PBXFileReference; fileEncoding = 4; lastKnownFileType = text.json; path = landmarkData.json; sourceTree = "<group>"; };
		190F12DB22AB80BD005BB351 /* chincoteague.jpg */ = {isa = PBXFileReference; lastKnownFileType = image.jpeg; path = chincoteague.jpg; sourceTree = "<group>"; };
		190F12DC22AB80BD005BB351 /* yukon_charleyrivers.jpg */ = {isa = PBXFileReference; lastKnownFileType = image.jpeg; path = yukon_charleyrivers.jpg; sourceTree = "<group>"; };
		190F12DD22AB80BD005BB351 /* stmarylake.jpg */ = {isa = PBXFileReference; lastKnownFileType = image.jpeg; path = stmarylake.jpg; sourceTree = "<group>"; };
		190F12DE22AB80BD005BB351 /* chilkoottrail.jpg */ = {isa = PBXFileReference; lastKnownFileType = image.jpeg; path = chilkoottrail.jpg; sourceTree = "<group>"; };
		190F12DF22AB80BD005BB351 /* rainbowlake.jpg */ = {isa = PBXFileReference; lastKnownFileType = image.jpeg; path = rainbowlake.jpg; sourceTree = "<group>"; };
		190F12EE22AB8138005BB351 /* UserData.swift */ = {isa = PBXFileReference; lastKnownFileType = sourcecode.swift; path = UserData.swift; sourceTree = "<group>"; };
/* End PBXFileReference section */

/* Begin PBXFrameworksBuildPhase section */
		190F128F22AB6952005BB351 /* Frameworks */ = {
			isa = PBXFrameworksBuildPhase;
			buildActionMask = 2147483647;
			files = (
			);
			runOnlyForDeploymentPostprocessing = 0;
		};
/* End PBXFrameworksBuildPhase section */

/* Begin PBXGroup section */
		190F128922AB6952005BB351 = {
			isa = PBXGroup;
			children = (
				190F129422AB6952005BB351 /* Landmarks */,
				190F129322AB6952005BB351 /* Products */,
			);
			sourceTree = "<group>";
		};
		190F129322AB6952005BB351 /* Products */ = {
			isa = PBXGroup;
			children = (
				190F129222AB6952005BB351 /* Landmarks.app */,
			);
			name = Products;
			sourceTree = "<group>";
		};
		190F129422AB6952005BB351 /* Landmarks */ = {
			isa = PBXGroup;
			children = (
				190F12AD22AB70CC005BB351 /* Models */,
				190F129522AB6952005BB351 /* AppDelegate.swift */,
				190F129722AB6952005BB351 /* SceneDelegate.swift */,
				190F12CF22AB796F005BB351 /* LandmarkList.swift */,
				190F12CD22AB7856005BB351 /* LandmarkRow.swift */,
				190F129922AB6952005BB351 /* LandmarkDetail.swift */,
				190F12A922AB6BB7005BB351 /* CircleImage.swift */,
				190F12AB22AB6C9C005BB351 /* MapView.swift */,
				190F12D122AB80BD005BB351 /* Resources */,
				190F129B22AB6953005BB351 /* Assets.xcassets */,
				190F12A022AB6953005BB351 /* LaunchScreen.storyboard */,
				190F12A322AB6953005BB351 /* Info.plist */,
				190F129D22AB6953005BB351 /* Preview Content */,
			);
			path = Landmarks;
			sourceTree = "<group>";
		};
		190F129D22AB6953005BB351 /* Preview Content */ = {
			isa = PBXGroup;
			children = (
				190F129E22AB6953005BB351 /* Preview Assets.xcassets */,
			);
			path = "Preview Content";
			sourceTree = "<group>";
		};
		190F12AD22AB70CC005BB351 /* Models */ = {
			isa = PBXGroup;
			children = (
				190F12CB22AB778D005BB351 /* Data.swift */,
				190F12AE22AB70E8005BB351 /* Landmark.swift */,
				190F12EE22AB8138005BB351 /* UserData.swift */,
			);
			path = Models;
			sourceTree = "<group>";
		};
		190F12D122AB80BD005BB351 /* Resources */ = {
			isa = PBXGroup;
			children = (
				190F12D222AB80BD005BB351 /* charleyrivers.jpg */,
				190F12D322AB80BD005BB351 /* turtlerock.jpg */,
				190F12D422AB80BD005BB351 /* silversalmoncreek.jpg */,
				190F12D522AB80BD005BB351 /* icybay.jpg */,
				190F12D622AB80BD005BB351 /* lakemcdonald.jpg */,
				190F12D722AB80BD005BB351 /* hiddenlake.jpg */,
				190F12D822AB80BD005BB351 /* twinlake.jpg */,
				190F12D922AB80BD005BB351 /* umbagog.jpg */,
				190F12DA22AB80BD005BB351 /* landmarkData.json */,
				190F12DB22AB80BD005BB351 /* chincoteague.jpg */,
				190F12DC22AB80BD005BB351 /* yukon_charleyrivers.jpg */,
				190F12DD22AB80BD005BB351 /* stmarylake.jpg */,
				190F12DE22AB80BD005BB351 /* chilkoottrail.jpg */,
				190F12DF22AB80BD005BB351 /* rainbowlake.jpg */,
			);
			path = Resources;
			sourceTree = "<group>";
		};
/* End PBXGroup section */

/* Begin PBXNativeTarget section */
		190F129122AB6952005BB351 /* Landmarks */ = {
			isa = PBXNativeTarget;
			buildConfigurationList = 190F12A622AB6953005BB351 /* Build configuration list for PBXNativeTarget "Landmarks" */;
			buildPhases = (
				190F128E22AB6952005BB351 /* Sources */,
				190F128F22AB6952005BB351 /* Frameworks */,
				190F129022AB6952005BB351 /* Resources */,
			);
			buildRules = (
			);
			dependencies = (
			);
			name = Landmarks;
			productName = Landmarks;
			productReference = 190F129222AB6952005BB351 /* Landmarks.app */;
			productType = "com.apple.product-type.application";
		};
/* End PBXNativeTarget section */

/* Begin PBXProject section */
		190F128A22AB6952005BB351 /* Project object */ = {
			isa = PBXProject;
			attributes = {
				LastSwiftUpdateCheck = 1100;
				LastUpgradeCheck = 1100;
				ORGANIZATIONNAME = z;
				TargetAttributes = {
					190F129122AB6952005BB351 = {
						CreatedOnToolsVersion = 11.0;
					};
				};
			};
			buildConfigurationList = 190F128D22AB6952005BB351 /* Build configuration list for PBXProject "Landmarks" */;
			compatibilityVersion = "Xcode 9.3";
			developmentRegion = en;
			hasScannedForEncodings = 0;
			knownRegions = (
				en,
				Base,
			);
			mainGroup = 190F128922AB6952005BB351;
			productRefGroup = 190F129322AB6952005BB351 /* Products */;
			projectDirPath = "";
			projectRoot = "";
			targets = (
				190F129122AB6952005BB351 /* Landmarks */,
			);
		};
/* End PBXProject section */

/* Begin PBXResourcesBuildPhase section */
		190F129022AB6952005BB351 /* Resources */ = {
			isa = PBXResourcesBuildPhase;
			buildActionMask = 2147483647;
			files = (
				190F12EA22AB80BD005BB351 /* yukon_charleyrivers.jpg in Resources */,
				190F12A222AB6953005BB351 /* LaunchScreen.storyboard in Resources */,
				190F129F22AB6953005BB351 /* Preview Assets.xcassets in Resources */,
				190F129C22AB6953005BB351 /* Assets.xcassets in Resources */,
				190F12E222AB80BD005BB351 /* silversalmoncreek.jpg in Resources */,
				190F12E022AB80BD005BB351 /* charleyrivers.jpg in Resources */,
				190F12EB22AB80BD005BB351 /* stmarylake.jpg in Resources */,
				190F12E922AB80BD005BB351 /* chincoteague.jpg in Resources */,
				190F12E822AB80BD005BB351 /* landmarkData.json in Resources */,
				190F12EC22AB80BD005BB351 /* chilkoottrail.jpg in Resources */,
				190F12E322AB80BD005BB351 /* icybay.jpg in Resources */,
				190F12E622AB80BD005BB351 /* twinlake.jpg in Resources */,
				190F12E422AB80BD005BB351 /* lakemcdonald.jpg in Resources */,
				190F12E522AB80BD005BB351 /* hiddenlake.jpg in Resources */,
				190F12E722AB80BD005BB351 /* umbagog.jpg in Resources */,
				190F12E122AB80BD005BB351 /* turtlerock.jpg in Resources */,
				190F12ED22AB80BD005BB351 /* rainbowlake.jpg in Resources */,
			);
			runOnlyForDeploymentPostprocessing = 0;
		};
/* End PBXResourcesBuildPhase section */

/* Begin PBXSourcesBuildPhase section */
		190F128E22AB6952005BB351 /* Sources */ = {
			isa = PBXSourcesBuildPhase;
			buildActionMask = 2147483647;
			files = (
				190F12CC22AB778D005BB351 /* Data.swift in Sources */,
				190F129622AB6952005BB351 /* AppDelegate.swift in Sources */,
				190F12AA22AB6BB7005BB351 /* CircleImage.swift in Sources */,
				190F12AC22AB6C9C005BB351 /* MapView.swift in Sources */,
				190F12D022AB796F005BB351 /* LandmarkList.swift in Sources */,
				190F129822AB6952005BB351 /* SceneDelegate.swift in Sources */,
				190F129A22AB6952005BB351 /* LandmarkDetail.swift in Sources */,
				190F12CE22AB7856005BB351 /* LandmarkRow.swift in Sources */,
				190F12EF22AB8138005BB351 /* UserData.swift in Sources */,
				190F12AF22AB70E8005BB351 /* Landmark.swift in Sources */,
			);
			runOnlyForDeploymentPostprocessing = 0;
		};
/* End PBXSourcesBuildPhase section */

/* Begin PBXVariantGroup section */
		190F12A022AB6953005BB351 /* LaunchScreen.storyboard */ = {
			isa = PBXVariantGroup;
			children = (
				190F12A122AB6953005BB351 /* Base */,
			);
			name = LaunchScreen.storyboard;
			sourceTree = "<group>";
		};
/* End PBXVariantGroup section */

/* Begin XCBuildConfiguration section */
		190F12A422AB6953005BB351 /* Debug */ = {
			isa = XCBuildConfiguration;
			buildSettings = {
				ALWAYS_SEARCH_USER_PATHS = NO;
				CLANG_ANALYZER_NONNULL = YES;
				CLANG_ANALYZER_NUMBER_OBJECT_CONVERSION = YES_AGGRESSIVE;
				CLANG_CXX_LANGUAGE_STANDARD = "gnu++14";
				CLANG_CXX_LIBRARY = "libc++";
				CLANG_ENABLE_MODULES = YES;
				CLANG_ENABLE_OBJC_ARC = YES;
				CLANG_ENABLE_OBJC_WEAK = YES;
				CLANG_WARN_BLOCK_CAPTURE_AUTORELEASING = YES;
				CLANG_WARN_BOOL_CONVERSION = YES;
				CLANG_WARN_COMMA = YES;
				CLANG_WARN_CONSTANT_CONVERSION = YES;
				CLANG_WARN_DEPRECATED_OBJC_IMPLEMENTATIONS = YES;
				CLANG_WARN_DIRECT_OBJC_ISA_USAGE = YES_ERROR;
				CLANG_WARN_DOCUMENTATION_COMMENTS = YES;
				CLANG_WARN_EMPTY_BODY = YES;
				CLANG_WARN_ENUM_CONVERSION = YES;
				CLANG_WARN_INFINITE_RECURSION = YES;
				CLANG_WARN_INT_CONVERSION = YES;
				CLANG_WARN_NON_LITERAL_NULL_CONVERSION = YES;
				CLANG_WARN_OBJC_IMPLICIT_RETAIN_SELF = YES;
				CLANG_WARN_OBJC_LITERAL_CONVERSION = YES;
				CLANG_WARN_OBJC_ROOT_CLASS = YES_ERROR;
				CLANG_WARN_RANGE_LOOP_ANALYSIS = YES;
				CLANG_WARN_STRICT_PROTOTYPES = YES;
				CLANG_WARN_SUSPICIOUS_MOVE = YES;
				CLANG_WARN_UNGUARDED_AVAILABILITY = YES_AGGRESSIVE;
				CLANG_WARN_UNREACHABLE_CODE = YES;
				CLANG_WARN__DUPLICATE_METHOD_MATCH = YES;
				COPY_PHASE_STRIP = NO;
				DEBUG_INFORMATION_FORMAT = dwarf;
				ENABLE_STRICT_OBJC_MSGSEND = YES;
				ENABLE_TESTABILITY = YES;
				GCC_C_LANGUAGE_STANDARD = gnu11;
				GCC_DYNAMIC_NO_PIC = NO;
				GCC_NO_COMMON_BLOCKS = YES;
				GCC_OPTIMIZATION_LEVEL = 0;
				GCC_PREPROCESSOR_DEFINITIONS = (
					"DEBUG=1",
					"$(inherited)",
				);
				GCC_WARN_64_TO_32_BIT_CONVERSION = YES;
				GCC_WARN_ABOUT_RETURN_TYPE = YES_ERROR;
				GCC_WARN_UNDECLARED_SELECTOR = YES;
				GCC_WARN_UNINITIALIZED_AUTOS = YES_AGGRESSIVE;
				GCC_WARN_UNUSED_FUNCTION = YES;
				GCC_WARN_UNUSED_VARIABLE = YES;
				IPHONEOS_DEPLOYMENT_TARGET = 13.0;
				MTL_ENABLE_DEBUG_INFO = INCLUDE_SOURCE;
				MTL_FAST_MATH = YES;
				ONLY_ACTIVE_ARCH = YES;
				SDKROOT = iphoneos;
				SWIFT_ACTIVE_COMPILATION_CONDITIONS = DEBUG;
				SWIFT_OPTIMIZATION_LEVEL = "-Onone";
			};
			name = Debug;
		};
		190F12A522AB6953005BB351 /* Release */ = {
			isa = XCBuildConfiguration;
			buildSettings = {
				ALWAYS_SEARCH_USER_PATHS = NO;
				CLANG_ANALYZER_NONNULL = YES;
				CLANG_ANALYZER_NUMBER_OBJECT_CONVERSION = YES_AGGRESSIVE;
				CLANG_CXX_LANGUAGE_STANDARD = "gnu++14";
				CLANG_CXX_LIBRARY = "libc++";
				CLANG_ENABLE_MODULES = YES;
				CLANG_ENABLE_OBJC_ARC = YES;
				CLANG_ENABLE_OBJC_WEAK = YES;
				CLANG_WARN_BLOCK_CAPTURE_AUTORELEASING = YES;
				CLANG_WARN_BOOL_CONVERSION = YES;
				CLANG_WARN_COMMA = YES;
				CLANG_WARN_CONSTANT_CONVERSION = YES;
				CLANG_WARN_DEPRECATED_OBJC_IMPLEMENTATIONS = YES;
				CLANG_WARN_DIRECT_OBJC_ISA_USAGE = YES_ERROR;
				CLANG_WARN_DOCUMENTATION_COMMENTS = YES;
				CLANG_WARN_EMPTY_BODY = YES;
				CLANG_WARN_ENUM_CONVERSION = YES;
				CLANG_WARN_INFINITE_RECURSION = YES;
				CLANG_WARN_INT_CONVERSION = YES;
				CLANG_WARN_NON_LITERAL_NULL_CONVERSION = YES;
				CLANG_WARN_OBJC_IMPLICIT_RETAIN_SELF = YES;
				CLANG_WARN_OBJC_LITERAL_CONVERSION = YES;
				CLANG_WARN_OBJC_ROOT_CLASS = YES_ERROR;
				CLANG_WARN_RANGE_LOOP_ANALYSIS = YES;
				CLANG_WARN_STRICT_PROTOTYPES = YES;
				CLANG_WARN_SUSPICIOUS_MOVE = YES;
				CLANG_WARN_UNGUARDED_AVAILABILITY = YES_AGGRESSIVE;
				CLANG_WARN_UNREACHABLE_CODE = YES;
				CLANG_WARN__DUPLICATE_METHOD_MATCH = YES;
				COPY_PHASE_STRIP = NO;
				DEBUG_INFORMATION_FORMAT = "dwarf-with-dsym";
				ENABLE_NS_ASSERTIONS = NO;
				ENABLE_STRICT_OBJC_MSGSEND = YES;
				GCC_C_LANGUAGE_STANDARD = gnu11;
				GCC_NO_COMMON_BLOCKS = YES;
				GCC_WARN_64_TO_32_BIT_CONVERSION = YES;
				GCC_WARN_ABOUT_RETURN_TYPE = YES_ERROR;
				GCC_WARN_UNDECLARED_SELECTOR = YES;
				GCC_WARN_UNINITIALIZED_AUTOS = YES_AGGRESSIVE;
				GCC_WARN_UNUSED_FUNCTION = YES;
				GCC_WARN_UNUSED_VARIABLE = YES;
				IPHONEOS_DEPLOYMENT_TARGET = 13.0;
				MTL_ENABLE_DEBUG_INFO = NO;
				MTL_FAST_MATH = YES;
				SDKROOT = iphoneos;
				SWIFT_COMPILATION_MODE = wholemodule;
				SWIFT_OPTIMIZATION_LEVEL = "-O";
				VALIDATE_PRODUCT = YES;
			};
			name = Release;
		};
		190F12A722AB6953005BB351 /* Debug */ = {
			isa = XCBuildConfiguration;
			buildSettings = {
				ASSETCATALOG_COMPILER_APPICON_NAME = AppIcon;
				CODE_SIGN_STYLE = Automatic;
				DEVELOPMENT_ASSET_PATHS = "Landmarks/Preview\\ Content";
				DEVELOPMENT_TEAM = 6LVAT8X9U4;
				ENABLE_PREVIEWS = YES;
				INFOPLIST_FILE = Landmarks/Info.plist;
				LD_RUNPATH_SEARCH_PATHS = (
					"$(inherited)",
					"@executable_path/Frameworks",
				);
				PRODUCT_BUNDLE_IDENTIFIER = com.getinlight.Landmarks;
				PRODUCT_NAME = "$(TARGET_NAME)";
				SWIFT_VERSION = 5.0;
				TARGETED_DEVICE_FAMILY = "1,2";
			};
			name = Debug;
		};
		190F12A822AB6953005BB351 /* Release */ = {
			isa = XCBuildConfiguration;
			buildSettings = {
				ASSETCATALOG_COMPILER_APPICON_NAME = AppIcon;
				CODE_SIGN_STYLE = Automatic;
				DEVELOPMENT_ASSET_PATHS = "Landmarks/Preview\\ Content";
				DEVELOPMENT_TEAM = 6LVAT8X9U4;
				ENABLE_PREVIEWS = YES;
				INFOPLIST_FILE = Landmarks/Info.plist;
				LD_RUNPATH_SEARCH_PATHS = (
					"$(inherited)",
					"@executable_path/Frameworks",
				);
				PRODUCT_BUNDLE_IDENTIFIER = com.getinlight.Landmarks;
				PRODUCT_NAME = "$(TARGET_NAME)";
				SWIFT_VERSION = 5.0;
				TARGETED_DEVICE_FAMILY = "1,2";
			};
			name = Release;
		};
/* End XCBuildConfiguration section */

/* Begin XCConfigurationList section */
		190F128D22AB6952005BB351 /* Build configuration list for PBXProject "Landmarks" */ = {
			isa = XCConfigurationList;
			buildConfigurations = (
				190F12A422AB6953005BB351 /* Debug */,
				190F12A522AB6953005BB351 /* Release */,
			);
			defaultConfigurationIsVisible = 0;
			defaultConfigurationName = Release;
		};
		190F12A622AB6953005BB351 /* Build configuration list for PBXNativeTarget "Landmarks" */ = {
			isa = XCConfigurationList;
			buildConfigurations = (
				190F12A722AB6953005BB351 /* Debug */,
				190F12A822AB6953005BB351 /* Release */,
			);
			defaultConfigurationIsVisible = 0;
			defaultConfigurationName = Release;
		};
/* End XCConfigurationList section */
	};
	rootObject = 190F128A22AB6952005BB351 /* Project object */;
}
